
Microsoft Visual Studio Solution File, Format Version 12.00
# Visual Studio Version 17
VisualStudioVersion = 17.3.32825.248
MinimumVisualStudioVersion = 10.0.40219.1
Project("{FAE04EC0-301F-11D3-BF4B-00C04F79EFBC}") = "MusteriTakip", "MusteriTakip\MusteriTakip.csproj", "{FD2E68CF-BA1E-4BBD-8EA8-35CEE77D7160}"
EndProject
Global
	GlobalSection(SolutionConfigurationPlatforms) = preSolution
		Debug|Any CPU = Debug|Any CPU
		Release|Any CPU = Release|Any CPU
	EndGlobalSection
	GlobalSection(ProjectConfigurationPlatforms) = postSolution
		{FD2E68CF-BA1E-4BBD-8EA8-35CEE77D7160}.Debug|Any CPU.ActiveCfg = Debug|Any CPU
		{FD2E68CF-BA1E-4BBD-8EA8-35CEE77D7160}.Debug|Any CPU.Build.0 = Debug|Any CPU
		{FD2E68CF-BA1E-4BBD-8EA8-35CEE77D7160}.Release|Any CPU.ActiveCfg = Release|Any CPU
		{FD2E68CF-BA1E-4BBD-8EA8-35CEE77D7160}.Release|Any CPU.Build.0 = Release|Any CPU
	EndGlobalSection
	GlobalSection(SolutionProperties) = preSolution
		HideSolutionNode = FALSE
	EndGlobalSection
	GlobalSection(ExtensibilityGlobals) = postSolution
		SolutionGuid = {CD0A4823-FAC9-4D3C-AB3C-841F88817A1D}
	EndGlobalSection
EndGlobal
